// !$*UTF8*$!
{
	archiveVersion = 1;
	classes = {
	};
	objectVersion = 50;
	objects = {

/* Begin PBXBuildFile section */
		E9A58ECC23AA01B900A62C29 /* AppDelegate.swift in Sources */ = {isa = PBXBuildFile; fileRef = E9A58ECB23AA01B900A62C29 /* AppDelegate.swift */; };
		E9A58ECE23AA01B900A62C29 /* SceneDelegate.swift in Sources */ = {isa = PBXBuildFile; fileRef = E9A58ECD23AA01B900A62C29 /* SceneDelegate.swift */; };
		E9A58ED023AA01B900A62C29 /* ViewController.swift in Sources */ = {isa = PBXBuildFile; fileRef = E9A58ECF23AA01B900A62C29 /* ViewController.swift */; };
		E9A58ED323AA01B900A62C29 /* Main.storyboard in Resources */ = {isa = PBXBuildFile; fileRef = E9A58ED123AA01B900A62C29 /* Main.storyboard */; };
		E9A58ED523AA01BA00A62C29 /* Assets.xcassets in Resources */ = {isa = PBXBuildFile; fileRef = E9A58ED423AA01BA00A62C29 /* Assets.xcassets */; };
		E9A58ED823AA01BA00A62C29 /* LaunchScreen.storyboard in Resources */ = {isa = PBXBuildFile; fileRef = E9A58ED623AA01BA00A62C29 /* LaunchScreen.storyboard */; };
		E9A58F0123AA038900A62C29 /* 7.jpg in Resources */ = {isa = PBXBuildFile; fileRef = E9A58EF723AA038800A62C29 /* 7.jpg */; };
		E9A58F0223AA038900A62C29 /* 9.jpg in Resources */ = {isa = PBXBuildFile; fileRef = E9A58EF823AA038800A62C29 /* 9.jpg */; };
		E9A58F0323AA038900A62C29 /* 10.jpg in Resources */ = {isa = PBXBuildFile; fileRef = E9A58EF923AA038800A62C29 /* 10.jpg */; };
		E9A58F0423AA038900A62C29 /* 1.jpg in Resources */ = {isa = PBXBuildFile; fileRef = E9A58EFA23AA038800A62C29 /* 1.jpg */; };
		E9A58F0523AA038900A62C29 /* 6.jpg in Resources */ = {isa = PBXBuildFile; fileRef = E9A58EFB23AA038800A62C29 /* 6.jpg */; };
		E9A58F0623AA038900A62C29 /* 2.jpg in Resources */ = {isa = PBXBuildFile; fileRef = E9A58EFC23AA038800A62C29 /* 2.jpg */; };
		E9A58F0723AA038900A62C29 /* 4.jpg in Resources */ = {isa = PBXBuildFile; fileRef = E9A58EFD23AA038800A62C29 /* 4.jpg */; };
		E9A58F0823AA038900A62C29 /* 3.jpg in Resources */ = {isa = PBXBuildFile; fileRef = E9A58EFE23AA038800A62C29 /* 3.jpg */; };
		E9A58F0923AA038900A62C29 /* 5.jpg in Resources */ = {isa = PBXBuildFile; fileRef = E9A58EFF23AA038900A62C29 /* 5.jpg */; };
		E9A58F0A23AA038900A62C29 /* 8.jpg in Resources */ = {isa = PBXBuildFile; fileRef = E9A58F0023AA038900A62C29 /* 8.jpg */; };
/* End PBXBuildFile section */

/* Begin PBXFileReference section */
		E9A58EC823AA01B900A62C29 /* PickerView.app */ = {isa = PBXFileReference; explicitFileType = wrapper.application; includeInIndex = 0; path = PickerView.app; sourceTree = BUILT_PRODUCTS_DIR; };
		E9A58ECB23AA01B900A62C29 /* AppDelegate.swift */ = {isa = PBXFileReference; lastKnownFileType = sourcecode.swift; path = AppDelegate.swift; sourceTree = "<group>"; };
		E9A58ECD23AA01B900A62C29 /* SceneDelegate.swift */ = {isa = PBXFileReference; lastKnownFileType = sourcecode.swift; path = SceneDelegate.swift; sourceTree = "<group>"; };
		E9A58ECF23AA01B900A62C29 /* ViewController.swift */ = {isa = PBXFileReference; lastKnownFileType = sourcecode.swift; path = ViewController.swift; sourceTree = "<group>"; };
		E9A58ED223AA01B900A62C29 /* Base */ = {isa = PBXFileReference; lastKnownFileType = file.storyboard; name = Base; path = Base.lproj/Main.storyboard; sourceTree = "<group>"; };
		E9A58ED423AA01BA00A62C29 /* Assets.xcassets */ = {isa = PBXFileReference; lastKnownFileType = folder.assetcatalog; path = Assets.xcassets; sourceTree = "<group>"; };
		E9A58ED723AA01BA00A62C29 /* Base */ = {isa = PBXFileReference; lastKnownFileType = file.storyboard; name = Base; path = Base.lproj/LaunchScreen.storyboard; sourceTree = "<group>"; };
		E9A58ED923AA01BA00A62C29 /* Info.plist */ = {isa = PBXFileReference; lastKnownFileType = text.plist.xml; path = Info.plist; sourceTree = "<group>"; };
		E9A58EF723AA038800A62C29 /* 7.jpg */ = {isa = PBXFileReference; lastKnownFileType = image.jpeg; path = 7.jpg; sourceTree = "<group>"; };
		E9A58EF823AA038800A62C29 /* 9.jpg */ = {isa = PBXFileReference; lastKnownFileType = image.jpeg; path = 9.jpg; sourceTree = "<group>"; };
		E9A58EF923AA038800A62C29 /* 10.jpg */ = {isa = PBXFileReference; lastKnownFileType = image.jpeg; path = 10.jpg; sourceTree = "<group>"; };
		E9A58EFA23AA038800A62C29 /* 1.jpg */ = {isa = PBXFileReference; lastKnownFileType = image.jpeg; path = 1.jpg; sourceTree = "<group>"; };
		E9A58EFB23AA038800A62C29 /* 6.jpg */ = {isa = PBXFileReference; lastKnownFileType = image.jpeg; path = 6.jpg; sourceTree = "<group>"; };
		E9A58EFC23AA038800A62C29 /* 2.jpg */ = {isa = PBXFileReference; lastKnownFileType = image.jpeg; path = 2.jpg; sourceTree = "<group>"; };
		E9A58EFD23AA038800A62C29 /* 4.jpg */ = {isa = PBXFileReference; lastKnownFileType = image.jpeg; path = 4.jpg; sourceTree = "<group>"; };
		E9A58EFE23AA038800A62C29 /* 3.jpg */ = {isa = PBXFileReference; lastKnownFileType = image.jpeg; path = 3.jpg; sourceTree = "<group>"; };
		E9A58EFF23AA038900A62C29 /* 5.jpg */ = {isa = PBXFileReference; lastKnownFileType = image.jpeg; path = 5.jpg; sourceTree = "<group>"; };
		E9A58F0023AA038900A62C29 /* 8.jpg */ = {isa = PBXFileReference; lastKnownFileType = image.jpeg; path = 8.jpg; sourceTree = "<group>"; };
/* End PBXFileReference section */

/* Begin PBXFrameworksBuildPhase section */
		E9A58EC523AA01B900A62C29 /* Frameworks */ = {
			isa = PBXFrameworksBuildPhase;
			buildActionMask = 2147483647;
			files = (
			);
			runOnlyForDeploymentPostprocessing = 0;
		};
/* End PBXFrameworksBuildPhase section */

/* Begin PBXGroup section */
		E9A58EBF23AA01B900A62C29 = {
			isa = PBXGroup;
			children = (
				E9A58ECA23AA01B900A62C29 /* PickerView */,
				E9A58EC923AA01B900A62C29 /* Products */,
			);
			sourceTree = "<group>";
		};
		E9A58EC923AA01B900A62C29 /* Products */ = {
			isa = PBXGroup;
			children = (
				E9A58EC823AA01B900A62C29 /* PickerView.app */,
			);
			name = Products;
			sourceTree = "<group>";
		};
		E9A58ECA23AA01B900A62C29 /* PickerView */ = {
			isa = PBXGroup;
			children = (
				E9A58EE223AA034A00A62C29 /* Imgaes */,
				E9A58ECB23AA01B900A62C29 /* AppDelegate.swift */,
				E9A58ECD23AA01B900A62C29 /* SceneDelegate.swift */,
				E9A58ECF23AA01B900A62C29 /* ViewController.swift */,
				E9A58ED123AA01B900A62C29 /* Main.storyboard */,
				E9A58ED423AA01BA00A62C29 /* Assets.xcassets */,
				E9A58ED623AA01BA00A62C29 /* LaunchScreen.storyboard */,
				E9A58ED923AA01BA00A62C29 /* Info.plist */,
			);
			path = PickerView;
			sourceTree = "<group>";
		};
		E9A58EE223AA034A00A62C29 /* Imgaes */ = {
			isa = PBXGroup;
			children = (
				E9A58EFA23AA038800A62C29 /* 1.jpg */,
				E9A58EFC23AA038800A62C29 /* 2.jpg */,
				E9A58EFE23AA038800A62C29 /* 3.jpg */,
				E9A58EFD23AA038800A62C29 /* 4.jpg */,
				E9A58EFF23AA038900A62C29 /* 5.jpg */,
				E9A58EFB23AA038800A62C29 /* 6.jpg */,
				E9A58EF723AA038800A62C29 /* 7.jpg */,
				E9A58F0023AA038900A62C29 /* 8.jpg */,
				E9A58EF823AA038800A62C29 /* 9.jpg */,
				E9A58EF923AA038800A62C29 /* 10.jpg */,
			);
			path = Imgaes;
			sourceTree = "<group>";
		};
/* End PBXGroup section */

/* Begin PBXNativeTarget section */
		E9A58EC723AA01B900A62C29 /* PickerView */ = {
			isa = PBXNativeTarget;
			buildConfigurationList = E9A58EDC23AA01BA00A62C29 /* Build configuration list for PBXNativeTarget "PickerView" */;
			buildPhases = (
				E9A58EC423AA01B900A62C29 /* Sources */,
				E9A58EC523AA01B900A62C29 /* Frameworks */,
				E9A58EC623AA01B900A62C29 /* Resources */,
			);
			buildRules = (
			);
			dependencies = (
			);
			name = PickerView;
			productName = PickerView;
			productReference = E9A58EC823AA01B900A62C29 /* PickerView.app */;
			productType = "com.apple.product-type.application";
		};
/* End PBXNativeTarget section */

/* Begin PBXProject section */
		E9A58EC023AA01B900A62C29 /* Project object */ = {
			isa = PBXProject;
			attributes = {
				LastSwiftUpdateCheck = 1110;
				LastUpgradeCheck = 1110;
				ORGANIZATIONNAME = "JiHoon Oh";
				TargetAttributes = {
					E9A58EC723AA01B900A62C29 = {
						CreatedOnToolsVersion = 11.1;
					};
				};
			};
			buildConfigurationList = E9A58EC323AA01B900A62C29 /* Build configuration list for PBXProject "PickerView" */;
			compatibilityVersion = "Xcode 9.3";
			developmentRegion = en;
			hasScannedForEncodings = 0;
			knownRegions = (
				en,
				Base,
			);
			mainGroup = E9A58EBF23AA01B900A62C29;
			productRefGroup = E9A58EC923AA01B900A62C29 /* Products */;
			projectDirPath = "";
			projectRoot = "";
			targets = (
				E9A58EC723AA01B900A62C29 /* PickerView */,
			);
		};
/* End PBXProject section */

/* Begin PBXResourcesBuildPhase section */
		E9A58EC623AA01B900A62C29 /* Resources */ = {
			isa = PBXResourcesBuildPhase;
			buildActionMask = 2147483647;
			files = (
				E9A58F0823AA038900A62C29 /* 3.jpg in Resources */,
				E9A58ED823AA01BA00A62C29 /* LaunchScreen.storyboard in Resources */,
				E9A58ED523AA01BA00A62C29 /* Assets.xcassets in Resources */,
				E9A58F0523AA038900A62C29 /* 6.jpg in Resources */,
				E9A58F0623AA038900A62C29 /* 2.jpg in Resources */,
				E9A58F0A23AA038900A62C29 /* 8.jpg in Resources */,
				E9A58ED323AA01B900A62C29 /* Main.storyboard in Resources */,
				E9A58F0223AA038900A62C29 /* 9.jpg in Resources */,
				E9A58F0323AA038900A62C29 /* 10.jpg in Resources */,
				E9A58F0123AA038900A62C29 /* 7.jpg in Resources */,
				E9A58F0923AA038900A62C29 /* 5.jpg in Resources */,
				E9A58F0723AA038900A62C29 /* 4.jpg in Resources */,
				E9A58F0423AA038900A62C29 /* 1.jpg in Resources */,
			);
			runOnlyForDeploymentPostprocessing = 0;
		};
/* End PBXResourcesBuildPhase section */

/* Begin PBXSourcesBuildPhase section */
		E9A58EC423AA01B900A62C29 /* Sources */ = {
			isa = PBXSourcesBuildPhase;
			buildActionMask = 2147483647;
			files = (
				E9A58ED023AA01B900A62C29 /* ViewController.swift in Sources */,
				E9A58ECC23AA01B900A62C29 /* AppDelegate.swift in Sources */,
				E9A58ECE23AA01B900A62C29 /* SceneDelegate.swift in Sources */,
			);
			runOnlyForDeploymentPostprocessing = 0;
		};
/* End PBXSourcesBuildPhase section */

/* Begin PBXVariantGroup section */
		E9A58ED123AA01B900A62C29 /* Main.storyboard */ = {
			isa = PBXVariantGroup;
			children = (
				E9A58ED223AA01B900A62C29 /* Base */,
			);
			name = Main.storyboard;
			sourceTree = "<group>";
		};
		E9A58ED623AA01BA00A62C29 /* LaunchScreen.storyboard */ = {
			isa = PBXVariantGroup;
			children = (
				E9A58ED723AA01BA00A62C29 /* Base */,
			);
			name = LaunchScreen.storyboard;
			sourceTree = "<group>";
		};
/* End PBXVariantGroup section */

/* Begin XCBuildConfiguration section */
		E9A58EDA23AA01BA00A62C29 /* Debug */ = {
			isa = XCBuildConfiguration;
			buildSettings = {
				ALWAYS_SEARCH_USER_PATHS = NO;
				CLANG_ANALYZER_NONNULL = YES;
				CLANG_ANALYZER_NUMBER_OBJECT_CONVERSION = YES_AGGRESSIVE;
				CLANG_CXX_LANGUAGE_STANDARD = "gnu++14";
				CLANG_CXX_LIBRARY = "libc++";
				CLANG_ENABLE_MODULES = YES;
				CLANG_ENABLE_OBJC_ARC = YES;
				CLANG_ENABLE_OBJC_WEAK = YES;
				CLANG_WARN_BLOCK_CAPTURE_AUTORELEASING = YES;
				CLANG_WARN_BOOL_CONVERSION = YES;
				CLANG_WARN_COMMA = YES;
				CLANG_WARN_CONSTANT_CONVERSION = YES;
				CLANG_WARN_DEPRECATED_OBJC_IMPLEMENTATIONS = YES;
				CLANG_WARN_DIRECT_OBJC_ISA_USAGE = YES_ERROR;
				CLANG_WARN_DOCUMENTATION_COMMENTS = YES;
				CLANG_WARN_EMPTY_BODY = YES;
				CLANG_WARN_ENUM_CONVERSION = YES;
				CLANG_WARN_INFINITE_RECURSION = YES;
				CLANG_WARN_INT_CONVERSION = YES;
				CLANG_WARN_NON_LITERAL_NULL_CONVERSION = YES;
				CLANG_WARN_OBJC_IMPLICIT_RETAIN_SELF = YES;
				CLANG_WARN_OBJC_LITERAL_CONVERSION = YES;
				CLANG_WARN_OBJC_ROOT_CLASS = YES_ERROR;
				CLANG_WARN_RANGE_LOOP_ANALYSIS = YES;
				CLANG_WARN_STRICT_PROTOTYPES = YES;
				CLANG_WARN_SUSPICIOUS_MOVE = YES;
				CLANG_WARN_UNGUARDED_AVAILABILITY = YES_AGGRESSIVE;
				CLANG_WARN_UNREACHABLE_CODE = YES;
				CLANG_WARN__DUPLICATE_METHOD_MATCH = YES;
				COPY_PHASE_STRIP = NO;
				DEBUG_INFORMATION_FORMAT = dwarf;
				ENABLE_STRICT_OBJC_MSGSEND = YES;
				ENABLE_TESTABILITY = YES;
				GCC_C_LANGUAGE_STANDARD = gnu11;
				GCC_DYNAMIC_NO_PIC = NO;
				GCC_NO_COMMON_BLOCKS = YES;
				GCC_OPTIMIZATION_LEVEL = 0;
				GCC_PREPROCESSOR_DEFINITIONS = (
					"DEBUG=1",
					"$(inherited)",
				);
				GCC_WARN_64_TO_32_BIT_CONVERSION = YES;
				GCC_WARN_ABOUT_RETURN_TYPE = YES_ERROR;
				GCC_WARN_UNDECLARED_SELECTOR = YES;
				GCC_WARN_UNINITIALIZED_AUTOS = YES_AGGRESSIVE;
				GCC_WARN_UNUSED_FUNCTION = YES;
				GCC_WARN_UNUSED_VARIABLE = YES;
				IPHONEOS_DEPLOYMENT_TARGET = 13.1;
				MTL_ENABLE_DEBUG_INFO = INCLUDE_SOURCE;
				MTL_FAST_MATH = YES;
				ONLY_ACTIVE_ARCH = YES;
				SDKROOT = iphoneos;
				SWIFT_ACTIVE_COMPILATION_CONDITIONS = DEBUG;
				SWIFT_OPTIMIZATION_LEVEL = "-Onone";
			};
			name = Debug;
		};
		E9A58EDB23AA01BA00A62C29 /* Release */ = {
			isa = XCBuildConfiguration;
			buildSettings = {
				ALWAYS_SEARCH_USER_PATHS = NO;
				CLANG_ANALYZER_NONNULL = YES;
				CLANG_ANALYZER_NUMBER_OBJECT_CONVERSION = YES_AGGRESSIVE;
				CLANG_CXX_LANGUAGE_STANDARD = "gnu++14";
				CLANG_CXX_LIBRARY = "libc++";
				CLANG_ENABLE_MODULES = YES;
				CLANG_ENABLE_OBJC_ARC = YES;
				CLANG_ENABLE_OBJC_WEAK = YES;
				CLANG_WARN_BLOCK_CAPTURE_AUTORELEASING = YES;
				CLANG_WARN_BOOL_CONVERSION = YES;
				CLANG_WARN_COMMA = YES;
				CLANG_WARN_CONSTANT_CONVERSION = YES;
				CLANG_WARN_DEPRECATED_OBJC_IMPLEMENTATIONS = YES;
				CLANG_WARN_DIRECT_OBJC_ISA_USAGE = YES_ERROR;
				CLANG_WARN_DOCUMENTATION_COMMENTS = YES;
				CLANG_WARN_EMPTY_BODY = YES;
				CLANG_WARN_ENUM_CONVERSION = YES;
				CLANG_WARN_INFINITE_RECURSION = YES;
				CLANG_WARN_INT_CONVERSION = YES;
				CLANG_WARN_NON_LITERAL_NULL_CONVERSION = YES;
				CLANG_WARN_OBJC_IMPLICIT_RETAIN_SELF = YES;
				CLANG_WARN_OBJC_LITERAL_CONVERSION = YES;
				CLANG_WARN_OBJC_ROOT_CLASS = YES_ERROR;
				CLANG_WARN_RANGE_LOOP_ANALYSIS = YES;
				CLANG_WARN_STRICT_PROTOTYPES = YES;
				CLANG_WARN_SUSPICIOUS_MOVE = YES;
				CLANG_WARN_UNGUARDED_AVAILABILITY = YES_AGGRESSIVE;
				CLANG_WARN_UNREACHABLE_CODE = YES;
				CLANG_WARN__DUPLICATE_METHOD_MATCH = YES;
				COPY_PHASE_STRIP = NO;
				DEBUG_INFORMATION_FORMAT = "dwarf-with-dsym";
				ENABLE_NS_ASSERTIONS = NO;
				ENABLE_STRICT_OBJC_MSGSEND = YES;
				GCC_C_LANGUAGE_STANDARD = gnu11;
				GCC_NO_COMMON_BLOCKS = YES;
				GCC_WARN_64_TO_32_BIT_CONVERSION = YES;
				GCC_WARN_ABOUT_RETURN_TYPE = YES_ERROR;
				GCC_WARN_UNDECLARED_SELECTOR = YES;
				GCC_WARN_UNINITIALIZED_AUTOS = YES_AGGRESSIVE;
				GCC_WARN_UNUSED_FUNCTION = YES;
				GCC_WARN_UNUSED_VARIABLE = YES;
				IPHONEOS_DEPLOYMENT_TARGET = 13.1;
				MTL_ENABLE_DEBUG_INFO = NO;
				MTL_FAST_MATH = YES;
				SDKROOT = iphoneos;
				SWIFT_COMPILATION_MODE = wholemodule;
				SWIFT_OPTIMIZATION_LEVEL = "-O";
				VALIDATE_PRODUCT = YES;
			};
			name = Release;
		};
		E9A58EDD23AA01BA00A62C29 /* Debug */ = {
			isa = XCBuildConfiguration;
			buildSettings = {
				ASSETCATALOG_COMPILER_APPICON_NAME = AppIcon;
				CODE_SIGN_STYLE = Automatic;
				INFOPLIST_FILE = PickerView/Info.plist;
				LD_RUNPATH_SEARCH_PATHS = (
					"$(inherited)",
					"@executable_path/Frameworks",
				);
				PRODUCT_BUNDLE_IDENTIFIER = com.jihoon.PickerView;
				PRODUCT_NAME = "$(TARGET_NAME)";
				SWIFT_VERSION = 5.0;
				TARGETED_DEVICE_FAMILY = 1;
			};
			name = Debug;
		};
		E9A58EDE23AA01BA00A62C29 /* Release */ = {
			isa = XCBuildConfiguration;
			buildSettings = {
				ASSETCATALOG_COMPILER_APPICON_NAME = AppIcon;
				CODE_SIGN_STYLE = Automatic;
				INFOPLIST_FILE = PickerView/Info.plist;
				LD_RUNPATH_SEARCH_PATHS = (
					"$(inherited)",
					"@executable_path/Frameworks",
				);
				PRODUCT_BUNDLE_IDENTIFIER = com.jihoon.PickerView;
				PRODUCT_NAME = "$(TARGET_NAME)";
				SWIFT_VERSION = 5.0;
				TARGETED_DEVICE_FAMILY = 1;
			};
			name = Release;
		};
/* End XCBuildConfiguration section */

/* Begin XCConfigurationList section */
		E9A58EC323AA01B900A62C29 /* Build configuration list for PBXProject "PickerView" */ = {
			isa = XCConfigurationList;
			buildConfigurations = (
				E9A58EDA23AA01BA00A62C29 /* Debug */,
				E9A58EDB23AA01BA00A62C29 /* Release */,
			);
			defaultConfigurationIsVisible = 0;
			defaultConfigurationName = Release;
		};
		E9A58EDC23AA01BA00A62C29 /* Build configuration list for PBXNativeTarget "PickerView" */ = {
			isa = XCConfigurationList;
			buildConfigurations = (
				E9A58EDD23AA01BA00A62C29 /* Debug */,
				E9A58EDE23AA01BA00A62C29 /* Release */,
			);
			defaultConfigurationIsVisible = 0;
			defaultConfigurationName = Release;
		};
/* End XCConfigurationList section */
	};
	rootObject = E9A58EC023AA01B900A62C29 /* Project object */;
}
